
Microsoft Visual Studio Solution File, Format Version 12.00
# Visual Studio Version 17
VisualStudioVersion = 17.14.36121.58 d17.14
MinimumVisualStudioVersion = 10.0.40219.1
Project("{FAE04EC0-301F-11D3-BF4B-00C04F79EFBC}") = "ApiService", "ApiService\ApiService.csproj", "{716EE7C6-705D-45D5-AFC0-783DC566A9D6}"
EndProject
Global
	GlobalSection(SolutionConfigurationPlatforms) = preSolution
		Debug|Any CPU = Debug|Any CPU
		Release|Any CPU = Release|Any CPU
	EndGlobalSection
	GlobalSection(ProjectConfigurationPlatforms) = postSolution
		{716EE7C6-705D-45D5-AFC0-783DC566A9D6}.Debug|Any CPU.ActiveCfg = Debug|Any CPU
		{716EE7C6-705D-45D5-AFC0-783DC566A9D6}.Debug|Any CPU.Build.0 = Debug|Any CPU
		{716EE7C6-705D-45D5-AFC0-783DC566A9D6}.Release|Any CPU.ActiveCfg = Release|Any CPU
		{716EE7C6-705D-45D5-AFC0-783DC566A9D6}.Release|Any CPU.Build.0 = Release|Any CPU
	EndGlobalSection
	GlobalSection(SolutionProperties) = preSolution
		HideSolutionNode = FALSE
	EndGlobalSection
	GlobalSection(ExtensibilityGlobals) = postSolution
		SolutionGuid = {F87DFFEF-F141-466F-A7A7-9EA0893323B1}
	EndGlobalSection
EndGlobal
