
Microsoft Visual Studio Solution File, Format Version 12.00
# Visual Studio Version 17
VisualStudioVersion = 17.5.002.0
MinimumVisualStudioVersion = 10.0.40219.1
Project("{9A19103F-16F7-4668-BE54-9A1E7A4F7556}") = "api-lambda-deployment", "api-lambda-deployment\api-lambda-deployment.csproj", "{A97968F6-EF8E-40B6-967E-9154E237A107}"
EndProject
Global
	GlobalSection(SolutionConfigurationPlatforms) = preSolution
		Debug|Any CPU = Debug|Any CPU
		Release|Any CPU = Release|Any CPU
	EndGlobalSection
	GlobalSection(ProjectConfigurationPlatforms) = postSolution
		{A97968F6-EF8E-40B6-967E-9154E237A107}.Debug|Any CPU.ActiveCfg = Debug|Any CPU
		{A97968F6-EF8E-40B6-967E-9154E237A107}.Debug|Any CPU.Build.0 = Debug|Any CPU
		{A97968F6-EF8E-40B6-967E-9154E237A107}.Release|Any CPU.ActiveCfg = Release|Any CPU
		{A97968F6-EF8E-40B6-967E-9154E237A107}.Release|Any CPU.Build.0 = Release|Any CPU
	EndGlobalSection
	GlobalSection(SolutionProperties) = preSolution
		HideSolutionNode = FALSE
	EndGlobalSection
	GlobalSection(ExtensibilityGlobals) = postSolution
		SolutionGuid = {945168FE-A72F-4A5D-8C7B-00A55917AD14}
	EndGlobalSection
EndGlobal
