
Microsoft Visual Studio Solution File, Format Version 12.00
# Visual Studio Version 17
VisualStudioVersion = 17.14.36327.8 d17.14
MinimumVisualStudioVersion = 10.0.40219.1
Project("{FAE04EC0-301F-11D3-BF4B-00C04F79EFBC}") = "SecretsFetcher", "SecretsFetcher\SecretsFetcher.csproj", "{4113F5BE-726A-4EC5-B014-1C1B1550527F}"
EndProject
Global
	GlobalSection(SolutionConfigurationPlatforms) = preSolution
		Debug|Any CPU = Debug|Any CPU
		Release|Any CPU = Release|Any CPU
	EndGlobalSection
	GlobalSection(ProjectConfigurationPlatforms) = postSolution
		{4113F5BE-726A-4EC5-B014-1C1B1550527F}.Debug|Any CPU.ActiveCfg = Debug|Any CPU
		{4113F5BE-726A-4EC5-B014-1C1B1550527F}.Debug|Any CPU.Build.0 = Debug|Any CPU
		{4113F5BE-726A-4EC5-B014-1C1B1550527F}.Release|Any CPU.ActiveCfg = Release|Any CPU
		{4113F5BE-726A-4EC5-B014-1C1B1550527F}.Release|Any CPU.Build.0 = Release|Any CPU
	EndGlobalSection
	GlobalSection(SolutionProperties) = preSolution
		HideSolutionNode = FALSE
	EndGlobalSection
	GlobalSection(ExtensibilityGlobals) = postSolution
		SolutionGuid = {57AAFC49-3FFD-435D-9246-DFF74C8FBEB5}
	EndGlobalSection
EndGlobal
