
Microsoft Visual Studio Solution File, Format Version 12.00
# Visual Studio Version 17
VisualStudioVersion = 17.14.36121.58 d17.14
MinimumVisualStudioVersion = 10.0.40219.1
Project("{FAE04EC0-301F-11D3-BF4B-00C04F79EFBC}") = "AmzSimpleEmail", "AmzSimpleEmail\AmzSimpleEmail.csproj", "{E58C39EF-9B6B-4D9A-B4DB-CD0EC1B1597B}"
EndProject
Global
	GlobalSection(SolutionConfigurationPlatforms) = preSolution
		Debug|Any CPU = Debug|Any CPU
		Release|Any CPU = Release|Any CPU
	EndGlobalSection
	GlobalSection(ProjectConfigurationPlatforms) = postSolution
		{E58C39EF-9B6B-4D9A-B4DB-CD0EC1B1597B}.Debug|Any CPU.ActiveCfg = Debug|Any CPU
		{E58C39EF-9B6B-4D9A-B4DB-CD0EC1B1597B}.Debug|Any CPU.Build.0 = Debug|Any CPU
		{E58C39EF-9B6B-4D9A-B4DB-CD0EC1B1597B}.Release|Any CPU.ActiveCfg = Release|Any CPU
		{E58C39EF-9B6B-4D9A-B4DB-CD0EC1B1597B}.Release|Any CPU.Build.0 = Release|Any CPU
	EndGlobalSection
	GlobalSection(SolutionProperties) = preSolution
		HideSolutionNode = FALSE
	EndGlobalSection
	GlobalSection(ExtensibilityGlobals) = postSolution
		SolutionGuid = {C0BB7AE3-CCF7-4603-BAB6-673C84A31341}
	EndGlobalSection
EndGlobal
