
Microsoft Visual Studio Solution File, Format Version 12.00
# Visual Studio Version 17
VisualStudioVersion = 17.5.002.0
MinimumVisualStudioVersion = 10.0.40219.1
Project("{9A19103F-16F7-4668-BE54-9A1E7A4F7556}") = "AccessSecretManagerApi", "AccessSecretManagerApi.csproj", "{43F6FC5B-0DA5-467C-A152-14A5C682CECF}"
EndProject
Global
	GlobalSection(SolutionConfigurationPlatforms) = preSolution
		Debug|Any CPU = Debug|Any CPU
		Release|Any CPU = Release|Any CPU
	EndGlobalSection
	GlobalSection(ProjectConfigurationPlatforms) = postSolution
		{43F6FC5B-0DA5-467C-A152-14A5C682CECF}.Debug|Any CPU.ActiveCfg = Debug|Any CPU
		{43F6FC5B-0DA5-467C-A152-14A5C682CECF}.Debug|Any CPU.Build.0 = Debug|Any CPU
		{43F6FC5B-0DA5-467C-A152-14A5C682CECF}.Release|Any CPU.ActiveCfg = Release|Any CPU
		{43F6FC5B-0DA5-467C-A152-14A5C682CECF}.Release|Any CPU.Build.0 = Release|Any CPU
	EndGlobalSection
	GlobalSection(SolutionProperties) = preSolution
		HideSolutionNode = FALSE
	EndGlobalSection
	GlobalSection(ExtensibilityGlobals) = postSolution
		SolutionGuid = {41BBF465-7FC6-45E8-A6CA-B8F84849883F}
	EndGlobalSection
EndGlobal
