
Microsoft Visual Studio Solution File, Format Version 12.00
# Visual Studio Version 17
VisualStudioVersion = 17.14.36705.20 d17.14
MinimumVisualStudioVersion = 10.0.40219.1
Project("{FAE04EC0-301F-11D3-BF4B-00C04F79EFBC}") = "OnboardingSignup", "OnboardingSignup\OnboardingSignup.csproj", "{9AC890C8-B23D-47EE-AF0F-B8C7E9D84836}"
EndProject
Project("{2150E333-8FDC-42A3-9474-1A3956D46DE8}") = "WebApi", "WebApi", "{02EA681E-C7D8-13C7-8484-4AC65E1B71E8}"
EndProject
Project("{2150E333-8FDC-42A3-9474-1A3956D46DE8}") = "Lambdas", "Lambdas", "{094B586A-87D7-43F1-B1BF-5993FAEBA63B}"
EndProject
Project("{FAE04EC0-301F-11D3-BF4B-00C04F79EFBC}") = "ValidateUser", "ValidateUser\ValidateUser.csproj", "{CD67328E-DA32-A189-7096-A3156D0F8DE6}"
EndProject
Project("{FAE04EC0-301F-11D3-BF4B-00C04F79EFBC}") = "SaveUser", "SaveUser\SaveUser.csproj", "{AD14273D-9EEF-3AB3-1273-CE7159E7E55C}"
EndProject
Project("{FAE04EC0-301F-11D3-BF4B-00C04F79EFBC}") = "GenerateWelcomeMessage", "GenerateWelcomeMessage\GenerateWelcomeMessage.csproj", "{7BB73F28-9490-A0A7-0D53-BE4B2DDEC223}"
EndProject
Project("{FAE04EC0-301F-11D3-BF4B-00C04F79EFBC}") = "CheckVerification", "CheckVerification\CheckVerification.csproj", "{5EE2E489-ECDF-B8A0-8662-D5006C1A5E08}"
EndProject
Project("{FAE04EC0-301F-11D3-BF4B-00C04F79EFBC}") = "FinalizeUser", "FinalizeUser\FinalizeUser.csproj", "{B22B7C2D-1DFA-A68E-E975-7DCA858EEC2A}"
EndProject
Project("{2150E333-8FDC-42A3-9474-1A3956D46DE8}") = "Shared", "Shared", "{610A4EA1-92D7-4652-AF17-56BB00F3EB87}"
EndProject
Project("{FAE04EC0-301F-11D3-BF4B-00C04F79EFBC}") = "SharedLib", "SharedLib\SharedLib.csproj", "{2AA42473-E716-4956-A7C0-2AF93FD40544}"
EndProject
Project("{2150E333-8FDC-42A3-9474-1A3956D46DE8}") = "ApiGateway", "ApiGateway", "{C8BEAA9F-AC46-4520-9FBF-8F0A3A5CE0EA}"
EndProject
Project("{2150E333-8FDC-42A3-9474-1A3956D46DE8}") = "Infrastructure", "Infrastructure", "{E5D064DC-3442-4C42-8E6F-C9B50AE902C7}"
EndProject
Project("{2150E333-8FDC-42A3-9474-1A3956D46DE8}") = "Src", "Src", "{C516860C-9688-4162-B6DF-0B27DA215085}"
EndProject
Project("{2150E333-8FDC-42A3-9474-1A3956D46DE8}") = "docs", "docs", "{4E19B5A9-6F24-4770-B43B-E7EEDB3FAA5E}"
EndProject
Global
	GlobalSection(SolutionConfigurationPlatforms) = preSolution
		Debug|Any CPU = Debug|Any CPU
		Release|Any CPU = Release|Any CPU
	EndGlobalSection
	GlobalSection(ProjectConfigurationPlatforms) = postSolution
		{9AC890C8-B23D-47EE-AF0F-B8C7E9D84836}.Debug|Any CPU.ActiveCfg = Debug|Any CPU
		{9AC890C8-B23D-47EE-AF0F-B8C7E9D84836}.Debug|Any CPU.Build.0 = Debug|Any CPU
		{9AC890C8-B23D-47EE-AF0F-B8C7E9D84836}.Release|Any CPU.ActiveCfg = Release|Any CPU
		{9AC890C8-B23D-47EE-AF0F-B8C7E9D84836}.Release|Any CPU.Build.0 = Release|Any CPU
		{CD67328E-DA32-A189-7096-A3156D0F8DE6}.Debug|Any CPU.ActiveCfg = Debug|Any CPU
		{CD67328E-DA32-A189-7096-A3156D0F8DE6}.Debug|Any CPU.Build.0 = Debug|Any CPU
		{CD67328E-DA32-A189-7096-A3156D0F8DE6}.Release|Any CPU.ActiveCfg = Release|Any CPU
		{CD67328E-DA32-A189-7096-A3156D0F8DE6}.Release|Any CPU.Build.0 = Release|Any CPU
		{AD14273D-9EEF-3AB3-1273-CE7159E7E55C}.Debug|Any CPU.ActiveCfg = Debug|Any CPU
		{AD14273D-9EEF-3AB3-1273-CE7159E7E55C}.Debug|Any CPU.Build.0 = Debug|Any CPU
		{AD14273D-9EEF-3AB3-1273-CE7159E7E55C}.Release|Any CPU.ActiveCfg = Release|Any CPU
		{AD14273D-9EEF-3AB3-1273-CE7159E7E55C}.Release|Any CPU.Build.0 = Release|Any CPU
		{7BB73F28-9490-A0A7-0D53-BE4B2DDEC223}.Debug|Any CPU.ActiveCfg = Debug|Any CPU
		{7BB73F28-9490-A0A7-0D53-BE4B2DDEC223}.Debug|Any CPU.Build.0 = Debug|Any CPU
		{7BB73F28-9490-A0A7-0D53-BE4B2DDEC223}.Release|Any CPU.ActiveCfg = Release|Any CPU
		{7BB73F28-9490-A0A7-0D53-BE4B2DDEC223}.Release|Any CPU.Build.0 = Release|Any CPU
		{5EE2E489-ECDF-B8A0-8662-D5006C1A5E08}.Debug|Any CPU.ActiveCfg = Debug|Any CPU
		{5EE2E489-ECDF-B8A0-8662-D5006C1A5E08}.Debug|Any CPU.Build.0 = Debug|Any CPU
		{5EE2E489-ECDF-B8A0-8662-D5006C1A5E08}.Release|Any CPU.ActiveCfg = Release|Any CPU
		{5EE2E489-ECDF-B8A0-8662-D5006C1A5E08}.Release|Any CPU.Build.0 = Release|Any CPU
		{B22B7C2D-1DFA-A68E-E975-7DCA858EEC2A}.Debug|Any CPU.ActiveCfg = Debug|Any CPU
		{B22B7C2D-1DFA-A68E-E975-7DCA858EEC2A}.Debug|Any CPU.Build.0 = Debug|Any CPU
		{B22B7C2D-1DFA-A68E-E975-7DCA858EEC2A}.Release|Any CPU.ActiveCfg = Release|Any CPU
		{B22B7C2D-1DFA-A68E-E975-7DCA858EEC2A}.Release|Any CPU.Build.0 = Release|Any CPU
		{2AA42473-E716-4956-A7C0-2AF93FD40544}.Debug|Any CPU.ActiveCfg = Debug|Any CPU
		{2AA42473-E716-4956-A7C0-2AF93FD40544}.Debug|Any CPU.Build.0 = Debug|Any CPU
		{2AA42473-E716-4956-A7C0-2AF93FD40544}.Release|Any CPU.ActiveCfg = Release|Any CPU
		{2AA42473-E716-4956-A7C0-2AF93FD40544}.Release|Any CPU.Build.0 = Release|Any CPU
	EndGlobalSection
	GlobalSection(SolutionProperties) = preSolution
		HideSolutionNode = FALSE
	EndGlobalSection
	GlobalSection(NestedProjects) = preSolution
		{9AC890C8-B23D-47EE-AF0F-B8C7E9D84836} = {02EA681E-C7D8-13C7-8484-4AC65E1B71E8}
		{02EA681E-C7D8-13C7-8484-4AC65E1B71E8} = {C516860C-9688-4162-B6DF-0B27DA215085}
		{094B586A-87D7-43F1-B1BF-5993FAEBA63B} = {C516860C-9688-4162-B6DF-0B27DA215085}
		{CD67328E-DA32-A189-7096-A3156D0F8DE6} = {094B586A-87D7-43F1-B1BF-5993FAEBA63B}
		{AD14273D-9EEF-3AB3-1273-CE7159E7E55C} = {094B586A-87D7-43F1-B1BF-5993FAEBA63B}
		{7BB73F28-9490-A0A7-0D53-BE4B2DDEC223} = {094B586A-87D7-43F1-B1BF-5993FAEBA63B}
		{5EE2E489-ECDF-B8A0-8662-D5006C1A5E08} = {094B586A-87D7-43F1-B1BF-5993FAEBA63B}
		{B22B7C2D-1DFA-A68E-E975-7DCA858EEC2A} = {094B586A-87D7-43F1-B1BF-5993FAEBA63B}
		{610A4EA1-92D7-4652-AF17-56BB00F3EB87} = {C516860C-9688-4162-B6DF-0B27DA215085}
		{2AA42473-E716-4956-A7C0-2AF93FD40544} = {610A4EA1-92D7-4652-AF17-56BB00F3EB87}
		{C8BEAA9F-AC46-4520-9FBF-8F0A3A5CE0EA} = {C516860C-9688-4162-B6DF-0B27DA215085}
	EndGlobalSection
	GlobalSection(ExtensibilityGlobals) = postSolution
		SolutionGuid = {16519D5E-9E5A-402D-AFFB-79852810177F}
	EndGlobalSection
EndGlobal
